Microsoft Visual Studio Solution File, Format Version 12.00
# Visual Studio Version 17
VisualStudioVersion = 17.5.2.0
MinimumVisualStudioVersion = 10.0.40219.1
Project("{FAE04EC0-301F-11D3-BF4B-00C04F79EFBC}") = "conceitos_poo_2", "conceitos_poo_2.csproj", "{D97BA9F5-7610-01CA-4452-ACAC9C643968}"
EndProject
Global
	GlobalSection(SolutionConfigurationPlatforms) = preSolution
		Debug|Any CPU = Debug|Any CPU
		Release|Any CPU = Release|Any CPU
	EndGlobalSection
	GlobalSection(ProjectConfigurationPlatforms) = postSolution
		{D97BA9F5-7610-01CA-4452-ACAC9C643968}.Debug|Any CPU.ActiveCfg = Debug|Any CPU
		{D97BA9F5-7610-01CA-4452-ACAC9C643968}.Debug|Any CPU.Build.0 = Debug|Any CPU
		{D97BA9F5-7610-01CA-4452-ACAC9C643968}.Release|Any CPU.ActiveCfg = Release|Any CPU
		{D97BA9F5-7610-01CA-4452-ACAC9C643968}.Release|Any CPU.Build.0 = Release|Any CPU
	EndGlobalSection
	GlobalSection(SolutionProperties) = preSolution
		HideSolutionNode = FALSE
	EndGlobalSection
	GlobalSection(ExtensibilityGlobals) = postSolution
		SolutionGuid = {CA62E39A-C104-4C74-8D30-FF0B8E060A74}
	EndGlobalSection
EndGlobal
